
Microsoft Visual Studio Solution File, Format Version 12.00
# Visual Studio Version 17
VisualStudioVersion = 17.7.34031.279
MinimumVisualStudioVersion = 10.0.40219.1
Project("{9A19103F-16F7-4668-BE54-9A1E7A4F7556}") = "FootballScoreboard", "FootballScoreboard\FootballScoreboard.csproj", "{AABD90E0-1023-4E84-A924-DB227C35BF88}"
EndProject
Project("{9A19103F-16F7-4668-BE54-9A1E7A4F7556}") = "FootballScoreboard.Tests", "FootballScoreboard.Tests\FootballScoreboard.Tests.csproj", "{5683C0D4-775C-457E-B8C0-F2D691BD687D}"
EndProject
Global
	GlobalSection(SolutionConfigurationPlatforms) = preSolution
		Debug|Any CPU = Debug|Any CPU
		Release|Any CPU = Release|Any CPU
	EndGlobalSection
	GlobalSection(ProjectConfigurationPlatforms) = postSolution
		{AABD90E0-1023-4E84-A924-DB227C35BF88}.Debug|Any CPU.ActiveCfg = Debug|Any CPU
		{AABD90E0-1023-4E84-A924-DB227C35BF88}.Debug|Any CPU.Build.0 = Debug|Any CPU
		{AABD90E0-1023-4E84-A924-DB227C35BF88}.Release|Any CPU.ActiveCfg = Release|Any CPU
		{AABD90E0-1023-4E84-A924-DB227C35BF88}.Release|Any CPU.Build.0 = Release|Any CPU
		{5683C0D4-775C-457E-B8C0-F2D691BD687D}.Debug|Any CPU.ActiveCfg = Debug|Any CPU
		{5683C0D4-775C-457E-B8C0-F2D691BD687D}.Debug|Any CPU.Build.0 = Debug|Any CPU
		{5683C0D4-775C-457E-B8C0-F2D691BD687D}.Release|Any CPU.ActiveCfg = Release|Any CPU
		{5683C0D4-775C-457E-B8C0-F2D691BD687D}.Release|Any CPU.Build.0 = Release|Any CPU
	EndGlobalSection
	GlobalSection(SolutionProperties) = preSolution
		HideSolutionNode = FALSE
	EndGlobalSection
	GlobalSection(ExtensibilityGlobals) = postSolution
		SolutionGuid = {3637F2F9-B6C9-4CE6-8A04-893BBEB6D9F2}
	EndGlobalSection
EndGlobal
